{
  "version": 4,
  "terraform_version": "1.5.7",
  "serial": 22,
  "lineage": "9ef61303-e7ef-841d-35ab-4e2303440f71",
  "outputs": {},
  "resources": [
    {
      "mode": "data",
      "type": "google_project",
      "name": "default",
      "provider": "provider[\"registry.terraform.io/hashicorp/google\"]",
      "instances": [
        {
          "schema_version": 0,
          "attributes": {
            "auto_create_network": null,
            "billing_account": "018B35-4A63F3-47B30F",
            "effective_labels": {},
            "folder_id": "",
            "id": "projects/nobuz-437711",
            "labels": {},
            "name": "nobuz",
            "number": "70808397540",
            "org_id": "271450649487",
            "project_id": "nobuz-437711",
            "skip_delete": null,
            "terraform_labels": {}
          },
          "sensitive_attributes": []
        }
      ]
    },
    {
      "mode": "managed",
      "type": "google_artifact_registry_repository",
      "name": "cloudrun",
      "provider": "provider[\"registry.terraform.io/hashicorp/google\"]",
      "instances": [
        {
          "schema_version": 0,
          "attributes": {
            "create_time": "2024-10-06T07:24:35.705511Z",
            "description": "",
            "docker_config": [],
            "effective_labels": {},
            "format": "DOCKER",
            "id": "projects/nobuz-437711/locations/asia-northeast1/repositories/cloud-run",
            "kms_key_name": "",
            "labels": {},
            "location": "asia-northeast1",
            "maven_config": [],
            "mode": "STANDARD_REPOSITORY",
            "name": "cloud-run",
            "project": "nobuz-437711",
            "remote_repository_config": [],
            "repository_id": "cloud-run",
            "terraform_labels": {},
            "timeouts": null,
            "update_time": "2024-10-06T07:37:58.002128Z",
            "virtual_repository_config": []
          },
          "sensitive_attributes": [],
          "private": "eyJlMmJmYjczMC1lY2FhLTExZTYtOGY4OC0zNDM2M2JjN2M0YzAiOnsiY3JlYXRlIjoxMjAwMDAwMDAwMDAwLCJkZWxldGUiOjEyMDAwMDAwMDAwMDAsInVwZGF0ZSI6MTIwMDAwMDAwMDAwMH19"
        }
      ]
    },
    {
      "mode": "managed",
      "type": "google_cloud_run_service",
      "name": "default",
      "provider": "provider[\"registry.terraform.io/hashicorp/google\"]",
      "instances": [
        {
          "schema_version": 2,
          "attributes": {
            "autogenerate_revision_name": true,
            "id": "locations/asia-northeast1/namespaces/nobuz-437711/services/api",
            "location": "asia-northeast1",
            "metadata": [
              {
                "annotations": {},
                "effective_annotations": {
                  "run.googleapis.com/client-name": "gcloud",
                  "run.googleapis.com/client-version": "477.0.0",
                  "run.googleapis.com/ingress": "all",
                  "run.googleapis.com/ingress-status": "all",
                  "run.googleapis.com/operation-id": "198481cf-36e1-47e9-8843-b4ef966dd09c",
                  "run.googleapis.com/urls": "[\"https://api-70808397540.asia-northeast1.run.app\",\"https://api-wxiguhodqa-an.a.run.app\"]",
                  "serving.knative.dev/creator": "nobuhiro-nagata.hojicha@finn.co.jp",
                  "serving.knative.dev/lastModifier": "nobuhiro-nagata.hojicha@finn.co.jp"
                },
                "effective_labels": {
                  "cloud.googleapis.com/location": "asia-northeast1"
                },
                "generation": 4,
                "labels": {},
                "namespace": "nobuz-437711",
                "resource_version": "AAYjyuSoM9A",
                "self_link": "/apis/serving.knative.dev/v1/namespaces/70808397540/services/api",
                "terraform_labels": {},
                "uid": "990d5c7d-b440-4da3-9a1d-7a13391e5bee"
              }
            ],
            "name": "api",
            "project": "nobuz-437711",
            "status": [
              {
                "conditions": [
                  {
                    "message": "",
                    "reason": "",
                    "status": "True",
                    "type": "Ready"
                  },
                  {
                    "message": "",
                    "reason": "",
                    "status": "True",
                    "type": "ConfigurationsReady"
                  },
                  {
                    "message": "",
                    "reason": "",
                    "status": "True",
                    "type": "RoutesReady"
                  }
                ],
                "latest_created_revision_name": "api-00004-npd",
                "latest_ready_revision_name": "api-00004-npd",
                "observed_generation": 4,
                "traffic": [
                  {
                    "latest_revision": true,
                    "percent": 100,
                    "revision_name": "api-00004-npd",
                    "tag": "",
                    "url": ""
                  }
                ],
                "url": "https://api-wxiguhodqa-an.a.run.app"
              }
            ],
            "template": [
              {
                "metadata": [
                  {
                    "annotations": {
                      "autoscaling.knative.dev/maxScale": "100",
                      "run.googleapis.com/client-name": "gcloud",
                      "run.googleapis.com/client-version": "477.0.0"
                    },
                    "generation": 0,
                    "labels": {
                      "client.knative.dev/nonce": "bhcnrhscwg",
                      "run.googleapis.com/startupProbeType": "Default"
                    },
                    "name": "",
                    "namespace": "",
                    "resource_version": "",
                    "self_link": "",
                    "uid": ""
                  }
                ],
                "spec": [
                  {
                    "container_concurrency": 80,
                    "containers": [
                      {
                        "args": [],
                        "command": [],
                        "env": [
                          {
                            "name": "DATABASE_URL",
                            "value": "postgresql://postgres:postgres@34.84.228.150/ft_prod?sslmode=disable",
                            "value_from": []
                          }
                        ],
                        "env_from": [],
                        "image": "asia-northeast1-docker.pkg.dev/nobuz-437711/cloud-run/finn-server-tutorial:latest",
                        "liveness_probe": [],
                        "name": "api",
                        "ports": [
                          {
                            "container_port": 8080,
                            "name": "http1",
                            "protocol": ""
                          }
                        ],
                        "resources": [
                          {
                            "limits": {
                              "cpu": "1000m",
                              "memory": "512Mi"
                            },
                            "requests": {}
                          }
                        ],
                        "startup_probe": [
                          {
                            "failure_threshold": 1,
                            "grpc": [],
                            "http_get": [],
                            "initial_delay_seconds": 0,
                            "period_seconds": 240,
                            "tcp_socket": [
                              {
                                "port": 8080
                              }
                            ],
                            "timeout_seconds": 240
                          }
                        ],
                        "volume_mounts": [
                          {
                            "mount_path": "/usr/src/app",
                            "name": "secret-env"
                          }
                        ],
                        "working_dir": ""
                      }
                    ],
                    "service_account_name": "cloud-run-sa@nobuz-437711.iam.gserviceaccount.com",
                    "serving_state": "",
                    "timeout_seconds": 300,
                    "volumes": [
                      {
                        "name": "secret-env",
                        "secret": [
                          {
                            "default_mode": 0,
                            "items": [
                              {
                                "key": "latest",
                                "mode": 0,
                                "path": "./.env"
                              }
                            ],
                            "secret_name": "api_secret_env"
                          }
                        ]
                      }
                    ]
                  }
                ]
              }
            ],
            "timeouts": null,
            "traffic": [
              {
                "latest_revision": true,
                "percent": 100,
                "revision_name": "",
                "tag": "",
                "url": ""
              }
            ]
          },
          "sensitive_attributes": [],
          "private": "eyJlMmJmYjczMC1lY2FhLTExZTYtOGY4OC0zNDM2M2JjN2M0YzAiOnsiY3JlYXRlIjoxMjAwMDAwMDAwMDAwLCJkZWxldGUiOjEyMDAwMDAwMDAwMDAsInVwZGF0ZSI6MTIwMDAwMDAwMDAwMH0sInNjaGVtYV92ZXJzaW9uIjoiMiJ9",
          "dependencies": [
            "google_project_service.default",
            "google_secret_manager_secret.api_secret_env",
            "google_service_account.cloud_run"
          ]
        }
      ]
    },
    {
      "mode": "managed",
      "type": "google_cloud_run_service_iam_binding",
      "name": "default",
      "provider": "provider[\"registry.terraform.io/hashicorp/google\"]",
      "instances": [
        {
          "schema_version": 0,
          "attributes": {
            "condition": [],
            "etag": "BwYjyloEkkg=",
            "id": "v1/projects/nobuz-437711/locations/asia-northeast1/services/api/roles/run.invoker",
            "location": "asia-northeast1",
            "members": [
              "allUsers"
            ],
            "project": "nobuz-437711",
            "role": "roles/run.invoker",
            "service": "v1/projects/nobuz-437711/locations/asia-northeast1/services/api"
          },
          "sensitive_attributes": [],
          "private": "bnVsbA==",
          "dependencies": [
            "data.google_project.default",
            "google_cloud_run_service.default",
            "google_project_service.default",
            "google_secret_manager_secret.api_secret_env",
            "google_service_account.cloud_run"
          ]
        }
      ]
    },
    {
      "mode": "managed",
      "type": "google_project_iam_member",
      "name": "cloud_run",
      "provider": "provider[\"registry.terraform.io/hashicorp/google\"]",
      "instances": [
        {
          "index_key": "roles/owner",
          "schema_version": 0,
          "attributes": {
            "condition": [],
            "etag": "BwYjyjw/W/0=",
            "id": "projects/nobuz-437711/roles/owner/serviceAccount:cloud-run-sa@nobuz-437711.iam.gserviceaccount.com",
            "member": "serviceAccount:cloud-run-sa@nobuz-437711.iam.gserviceaccount.com",
            "project": "projects/nobuz-437711",
            "role": "roles/owner"
          },
          "sensitive_attributes": [],
          "private": "bnVsbA==",
          "dependencies": [
            "data.google_project.default",
            "google_service_account.cloud_run"
          ]
        }
      ]
    },
    {
      "mode": "managed",
      "type": "google_project_service",
      "name": "default",
      "provider": "provider[\"registry.terraform.io/hashicorp/google\"]",
      "instances": [
        {
          "index_key": "artifactregistry.googleapis.com",
          "schema_version": 0,
          "attributes": {
            "disable_dependent_services": null,
            "disable_on_destroy": true,
            "id": "nobuz-437711/artifactregistry.googleapis.com",
            "project": "nobuz-437711",
            "service": "artifactregistry.googleapis.com",
            "timeouts": null
          },
          "sensitive_attributes": [],
          "private": "eyJlMmJmYjczMC1lY2FhLTExZTYtOGY4OC0zNDM2M2JjN2M0YzAiOnsiY3JlYXRlIjoxMjAwMDAwMDAwMDAwLCJkZWxldGUiOjEyMDAwMDAwMDAwMDAsInJlYWQiOjYwMDAwMDAwMDAwMCwidXBkYXRlIjoxMjAwMDAwMDAwMDAwfX0=",
          "dependencies": [
            "data.google_project.default"
          ]
        },
        {
          "index_key": "run.googleapis.com",
          "schema_version": 0,
          "attributes": {
            "disable_dependent_services": null,
            "disable_on_destroy": true,
            "id": "nobuz-437711/run.googleapis.com",
            "project": "nobuz-437711",
            "service": "run.googleapis.com",
            "timeouts": null
          },
          "sensitive_attributes": [],
          "private": "eyJlMmJmYjczMC1lY2FhLTExZTYtOGY4OC0zNDM2M2JjN2M0YzAiOnsiY3JlYXRlIjoxMjAwMDAwMDAwMDAwLCJkZWxldGUiOjEyMDAwMDAwMDAwMDAsInJlYWQiOjYwMDAwMDAwMDAwMCwidXBkYXRlIjoxMjAwMDAwMDAwMDAwfX0=",
          "dependencies": [
            "data.google_project.default"
          ]
        },
        {
          "index_key": "secretmanager.googleapis.com",
          "schema_version": 0,
          "attributes": {
            "disable_dependent_services": null,
            "disable_on_destroy": true,
            "id": "nobuz-437711/secretmanager.googleapis.com",
            "project": "nobuz-437711",
            "service": "secretmanager.googleapis.com",
            "timeouts": null
          },
          "sensitive_attributes": [],
          "private": "eyJlMmJmYjczMC1lY2FhLTExZTYtOGY4OC0zNDM2M2JjN2M0YzAiOnsiY3JlYXRlIjoxMjAwMDAwMDAwMDAwLCJkZWxldGUiOjEyMDAwMDAwMDAwMDAsInJlYWQiOjYwMDAwMDAwMDAwMCwidXBkYXRlIjoxMjAwMDAwMDAwMDAwfX0=",
          "dependencies": [
            "data.google_project.default"
          ]
        }
      ]
    },
    {
      "mode": "managed",
      "type": "google_secret_manager_secret",
      "name": "api_secret_env",
      "provider": "provider[\"registry.terraform.io/hashicorp/google\"]",
      "instances": [
        {
          "schema_version": 0,
          "attributes": {
            "annotations": {},
            "create_time": "2024-10-06T07:50:27.161989Z",
            "effective_annotations": {},
            "effective_labels": {},
            "expire_time": "",
            "id": "projects/nobuz-437711/secrets/api_secret_env",
            "labels": {},
            "name": "projects/70808397540/secrets/api_secret_env",
            "project": "nobuz-437711",
            "replication": [
              {
                "auto": [
                  {
                    "customer_managed_encryption": []
                  }
                ],
                "user_managed": []
              }
            ],
            "rotation": [],
            "secret_id": "api_secret_env",
            "terraform_labels": {},
            "timeouts": null,
            "topics": [],
            "ttl": null,
            "version_aliases": {}
          },
          "sensitive_attributes": [],
          "private": "eyJlMmJmYjczMC1lY2FhLTExZTYtOGY4OC0zNDM2M2JjN2M0YzAiOnsiY3JlYXRlIjoxMjAwMDAwMDAwMDAwLCJkZWxldGUiOjEyMDAwMDAwMDAwMDAsInVwZGF0ZSI6MTIwMDAwMDAwMDAwMH19"
        }
      ]
    },
    {
      "mode": "managed",
      "type": "google_secret_manager_secret_version",
      "name": "api_secret_env",
      "provider": "provider[\"registry.terraform.io/hashicorp/google\"]",
      "instances": [
        {
          "schema_version": 0,
          "attributes": {
            "create_time": "2024-10-06T07:50:30.657766Z",
            "deletion_policy": "DELETE",
            "destroy_time": "",
            "enabled": true,
            "id": "projects/70808397540/secrets/api_secret_env/versions/1",
            "is_secret_data_base64": false,
            "name": "projects/70808397540/secrets/api_secret_env/versions/1",
            "secret": "projects/nobuz-437711/secrets/api_secret_env",
            "secret_data": "first add",
            "timeouts": null,
            "version": "1"
          },
          "sensitive_attributes": [],
          "private": "eyJlMmJmYjczMC1lY2FhLTExZTYtOGY4OC0zNDM2M2JjN2M0YzAiOnsiY3JlYXRlIjoxMjAwMDAwMDAwMDAwLCJkZWxldGUiOjEyMDAwMDAwMDAwMDB9fQ==",
          "dependencies": [
            "google_secret_manager_secret.api_secret_env"
          ]
        }
      ]
    },
    {
      "mode": "managed",
      "type": "google_service_account",
      "name": "cloud_run",
      "provider": "provider[\"registry.terraform.io/hashicorp/google\"]",
      "instances": [
        {
          "schema_version": 0,
          "attributes": {
            "account_id": "cloud-run-sa",
            "description": "",
            "disabled": false,
            "display_name": "Cloud Run(nobuz) Service Account",
            "email": "cloud-run-sa@nobuz-437711.iam.gserviceaccount.com",
            "id": "projects/nobuz-437711/serviceAccounts/cloud-run-sa@nobuz-437711.iam.gserviceaccount.com",
            "member": "serviceAccount:cloud-run-sa@nobuz-437711.iam.gserviceaccount.com",
            "name": "projects/nobuz-437711/serviceAccounts/cloud-run-sa@nobuz-437711.iam.gserviceaccount.com",
            "project": "nobuz-437711",
            "timeouts": null,
            "unique_id": "117673216612289293522"
          },
          "sensitive_attributes": [],
          "private": "eyJlMmJmYjczMC1lY2FhLTExZTYtOGY4OC0zNDM2M2JjN2M0YzAiOnsiY3JlYXRlIjozMDAwMDAwMDAwMDB9fQ=="
        }
      ]
    },
    {
      "mode": "managed",
      "type": "google_sql_database",
      "name": "default",
      "provider": "provider[\"registry.terraform.io/hashicorp/google\"]",
      "instances": [
        {
          "schema_version": 0,
          "attributes": {
            "charset": "UTF8",
            "collation": "en_US.UTF8",
            "deletion_policy": "DELETE",
            "id": "projects/nobuz-437711/instances/finn-server-tutorial/databases/ft_prod",
            "instance": "finn-server-tutorial",
            "name": "ft_prod",
            "project": "nobuz-437711",
            "self_link": "https://sqladmin.googleapis.com/sql/v1beta4/projects/nobuz-437711/instances/finn-server-tutorial/databases/ft_prod",
            "timeouts": null
          },
          "sensitive_attributes": [],
          "private": "eyJlMmJmYjczMC1lY2FhLTExZTYtOGY4OC0zNDM2M2JjN2M0YzAiOnsiY3JlYXRlIjoxMjAwMDAwMDAwMDAwLCJkZWxldGUiOjEyMDAwMDAwMDAwMDAsInVwZGF0ZSI6MTIwMDAwMDAwMDAwMH19",
          "dependencies": [
            "google_sql_database_instance.default"
          ]
        }
      ]
    },
    {
      "mode": "managed",
      "type": "google_sql_database_instance",
      "name": "default",
      "provider": "provider[\"registry.terraform.io/hashicorp/google\"]",
      "instances": [
        {
          "schema_version": 0,
          "attributes": {
            "available_maintenance_versions": [],
            "clone": [],
            "connection_name": "nobuz-437711:asia-northeast1:finn-server-tutorial",
            "database_version": "POSTGRES_16",
            "deletion_protection": true,
            "dns_name": "",
            "encryption_key_name": null,
            "first_ip_address": "34.84.228.150",
            "id": "finn-server-tutorial",
            "instance_type": "CLOUD_SQL_INSTANCE",
            "ip_address": [
              {
                "ip_address": "34.84.228.150",
                "time_to_retire": "",
                "type": "PRIMARY"
              },
              {
                "ip_address": "34.146.158.254",
                "time_to_retire": "",
                "type": "OUTGOING"
              }
            ],
            "maintenance_version": "POSTGRES_16_4.R20240910.01_02",
            "master_instance_name": "",
            "name": "finn-server-tutorial",
            "private_ip_address": "",
            "project": "nobuz-437711",
            "psc_service_attachment_link": "",
            "public_ip_address": "34.84.228.150",
            "region": "asia-northeast1",
            "replica_configuration": [],
            "restore_backup_context": [],
            "root_password": null,
            "self_link": "https://sqladmin.googleapis.com/sql/v1beta4/projects/nobuz-437711/instances/finn-server-tutorial",
            "server_ca_cert": [
              {
                "cert": "-----BEGIN CERTIFICATE-----\nMIIDfzCCAmegAwIBAgIBADANBgkqhkiG9w0BAQsFADB3MS0wKwYDVQQuEyQ3ZmE2\nNjJkYi1iNmI4LTRjNzctODc1Ni0xNjgzMThhMmI4YjcxIzAhBgNVBAMTGkdvb2ds\nZSBDbG91ZCBTUUwgU2VydmVyIENBMRQwEgYDVQQKEwtHb29nbGUsIEluYzELMAkG\nA1UEBhMCVVMwHhcNMjQxMDA2MDgyMzIzWhcNMzQxMDA0MDgyNDIzWjB3MS0wKwYD\nVQQuEyQ3ZmE2NjJkYi1iNmI4LTRjNzctODc1Ni0xNjgzMThhMmI4YjcxIzAhBgNV\nBAMTGkdvb2dsZSBDbG91ZCBTUUwgU2VydmVyIENBMRQwEgYDVQQKEwtHb29nbGUs\nIEluYzELMAkGA1UEBhMCVVMwggEiMA0GCSqGSIb3DQEBAQUAA4IBDwAwggEKAoIB\nAQD2qSJqK5j07gY18d3y/6SDzdPXeLNVw531xaQweVfBadj/kMefXSXX105Ed0Sq\n/8Lsq+J12SEDHsGV+HLkogQHa7PTUqquZzAY09ds/a+FFA4cjEkCov0Z/dDR5NeZ\ngcW4Yflr6pxps+vRinKm25hicP7GvsWwe3FXlTMG4kV6ZTw+ZgcBFMeKI8+QEk4f\nYjcL9XF7wl+J/WhwbIZGUD06EgMReXi6qC2einWg7n1oQ3+HQ10N8LjR3mkyvjNP\ngbzz/rlwZTfrYKpdeJsu+sE/yth0IwjUKwZJgMq1JE8Tivp83y4YGHsMp/+rCrGa\nhh/FFpnOQ08dKCrLAI5alXoFAgMBAAGjFjAUMBIGA1UdEwEB/wQIMAYBAf8CAQAw\nDQYJKoZIhvcNAQELBQADggEBAKsTc0uuI7IdvvEeLdtXIGFJGkn16XvDY7F+Bhdt\nyaawu4Klpp7RY7dycxNXN4XZ3pfX0UpQOEdxLoIkqOeei1/xU/inWFUjCzl+ck1H\n3TmvzNan5m2TausU0b+mhH7lQn+7T09nGDfNU0svFUwwE0BmKD2SqDrfN0rDUtJE\nSHNsUfIKV80T66XXaVsB3V7vXvsNrdOPWdd/m5DEEqM3PnBkLkfHNqqPpefg2fjw\nBA88wd/9e0FRBya9Ia2fLDk+iB9phUIq+0Zu4JfWWgKc/JnlrwvuzYV7A/UAPcJF\nOckgc/I26m0q+Z0bxqgoU7MAp334n52ElV1MzigRb9NGe+A=\n-----END CERTIFICATE-----",
                "common_name": "C=US,O=Google\\, Inc,CN=Google Cloud SQL Server CA,dnQualifier=7fa662db-b6b8-4c77-8756-168318a2b8b7",
                "create_time": "2024-10-06T08:23:23.476Z",
                "expiration_time": "2034-10-04T08:24:23.476Z",
                "sha1_fingerprint": "9a2239ee1460d5981ac804c013eb79242bbea597"
              }
            ],
            "service_account_email_address": "p70808397540-rc7r5q@gcp-sa-cloud-sql.iam.gserviceaccount.com",
            "settings": [
              {
                "activation_policy": "ALWAYS",
                "active_directory_config": [],
                "advanced_machine_features": [],
                "availability_type": "ZONAL",
                "backup_configuration": [
                  {
                    "backup_retention_settings": [
                      {
                        "retained_backups": 7,
                        "retention_unit": "COUNT"
                      }
                    ],
                    "binary_log_enabled": false,
                    "enabled": false,
                    "location": "",
                    "point_in_time_recovery_enabled": false,
                    "start_time": "17:00",
                    "transaction_log_retention_days": 7
                  }
                ],
                "collation": "",
                "connector_enforcement": "NOT_REQUIRED",
                "data_cache_config": [],
                "database_flags": [],
                "deletion_protection_enabled": false,
                "deny_maintenance_period": [],
                "disk_autoresize": true,
                "disk_autoresize_limit": 0,
                "disk_size": 10,
                "disk_type": "PD_SSD",
                "edition": "ENTERPRISE",
                "insights_config": [],
                "ip_configuration": [
                  {
                    "allocated_ip_range": "",
                    "authorized_networks": [
                      {
                        "expiration_time": "",
                        "name": "all-public",
                        "value": "0.0.0.0/0"
                      }
                    ],
                    "enable_private_path_for_google_cloud_services": false,
                    "ipv4_enabled": true,
                    "private_network": "",
                    "psc_config": [],
                    "require_ssl": false
                  }
                ],
                "location_preference": [
                  {
                    "follow_gae_application": "",
                    "secondary_zone": "",
                    "zone": "asia-northeast1-c"
                  }
                ],
                "maintenance_window": [],
                "password_validation_policy": [],
                "pricing_plan": "PER_USE",
                "sql_server_audit_config": [],
                "tier": "db-f1-micro",
                "time_zone": "",
                "user_labels": {},
                "version": 1
              }
            ],
            "timeouts": null
          },
          "sensitive_attributes": [],
          "private": "eyJlMmJmYjczMC1lY2FhLTExZTYtOGY4OC0zNDM2M2JjN2M0YzAiOnsiY3JlYXRlIjoyNDAwMDAwMDAwMDAwLCJkZWxldGUiOjE4MDAwMDAwMDAwMDAsInVwZGF0ZSI6MTgwMDAwMDAwMDAwMH19"
        }
      ]
    },
    {
      "mode": "managed",
      "type": "google_sql_user",
      "name": "root",
      "provider": "provider[\"registry.terraform.io/hashicorp/google\"]",
      "instances": [
        {
          "schema_version": 1,
          "attributes": {
            "deletion_policy": null,
            "host": "",
            "id": "postgres//finn-server-tutorial",
            "instance": "finn-server-tutorial",
            "name": "postgres",
            "password": "postgres",
            "password_policy": [],
            "project": "nobuz-437711",
            "sql_server_user_details": [],
            "timeouts": null,
            "type": ""
          },
          "sensitive_attributes": [],
          "private": "eyJlMmJmYjczMC1lY2FhLTExZTYtOGY4OC0zNDM2M2JjN2M0YzAiOnsiY3JlYXRlIjo2MDAwMDAwMDAwMDAsImRlbGV0ZSI6NjAwMDAwMDAwMDAwLCJ1cGRhdGUiOjYwMDAwMDAwMDAwMH0sInNjaGVtYV92ZXJzaW9uIjoiMSJ9",
          "dependencies": [
            "google_sql_database_instance.default"
          ]
        }
      ]
    }
  ],
  "check_results": null
}
